
Microsoft Visual Studio Solution File, Format Version 12.00
# Visual Studio Version 17
VisualStudioVersion = 17.9.34607.119
MinimumVisualStudioVersion = 10.0.40219.1
Project("{2150E333-8FDC-42A3-9474-1A3956D46DE8}") = "src", "src", "{F157A3A0-F86A-497E-90F4-752036911A55}"
EndProject
Project("{2150E333-8FDC-42A3-9474-1A3956D46DE8}") = "test", "test", "{377B13C6-AF2D-412A-A595-9A32731F36EF}"
EndProject
Project("{9A19103F-16F7-4668-BE54-9A1E7A4F7556}") = "MyBooking.Domain", "MyBooking.Domain\MyBooking.Domain.csproj", "{35DE45C4-BD94-412D-97A3-645F8CD60C9F}"
EndProject
Project("{9A19103F-16F7-4668-BE54-9A1E7A4F7556}") = "MyBooking.Application", "MyBooking.Application\MyBooking.Application.csproj", "{FFB89EA9-82B3-4122-A02A-7E8582CB8A68}"
EndProject
Project("{9A19103F-16F7-4668-BE54-9A1E7A4F7556}") = "MyBooking.Infrastructure", "MyBooking.Infrastructure\MyBooking.Infrastructure.csproj", "{6A1BC61A-E88C-442D-A19E-13A0F39E160B}"
EndProject
Project("{FAE04EC0-301F-11D3-BF4B-00C04F79EFBC}") = "MyBooking.API", "MyBooking.API\MyBooking.API.csproj", "{6B223DE5-9BFA-4AC9-8A99-BC13762B75D7}"
EndProject
Global
	GlobalSection(SolutionConfigurationPlatforms) = preSolution
		Debug|Any CPU = Debug|Any CPU
		Release|Any CPU = Release|Any CPU
	EndGlobalSection
	GlobalSection(ProjectConfigurationPlatforms) = postSolution
		{35DE45C4-BD94-412D-97A3-645F8CD60C9F}.Debug|Any CPU.ActiveCfg = Debug|Any CPU
		{35DE45C4-BD94-412D-97A3-645F8CD60C9F}.Debug|Any CPU.Build.0 = Debug|Any CPU
		{35DE45C4-BD94-412D-97A3-645F8CD60C9F}.Release|Any CPU.ActiveCfg = Release|Any CPU
		{35DE45C4-BD94-412D-97A3-645F8CD60C9F}.Release|Any CPU.Build.0 = Release|Any CPU
		{FFB89EA9-82B3-4122-A02A-7E8582CB8A68}.Debug|Any CPU.ActiveCfg = Debug|Any CPU
		{FFB89EA9-82B3-4122-A02A-7E8582CB8A68}.Debug|Any CPU.Build.0 = Debug|Any CPU
		{FFB89EA9-82B3-4122-A02A-7E8582CB8A68}.Release|Any CPU.ActiveCfg = Release|Any CPU
		{FFB89EA9-82B3-4122-A02A-7E8582CB8A68}.Release|Any CPU.Build.0 = Release|Any CPU
		{6A1BC61A-E88C-442D-A19E-13A0F39E160B}.Debug|Any CPU.ActiveCfg = Debug|Any CPU
		{6A1BC61A-E88C-442D-A19E-13A0F39E160B}.Debug|Any CPU.Build.0 = Debug|Any CPU
		{6A1BC61A-E88C-442D-A19E-13A0F39E160B}.Release|Any CPU.ActiveCfg = Release|Any CPU
		{6A1BC61A-E88C-442D-A19E-13A0F39E160B}.Release|Any CPU.Build.0 = Release|Any CPU
		{6B223DE5-9BFA-4AC9-8A99-BC13762B75D7}.Debug|Any CPU.ActiveCfg = Debug|Any CPU
		{6B223DE5-9BFA-4AC9-8A99-BC13762B75D7}.Debug|Any CPU.Build.0 = Debug|Any CPU
		{6B223DE5-9BFA-4AC9-8A99-BC13762B75D7}.Release|Any CPU.ActiveCfg = Release|Any CPU
		{6B223DE5-9BFA-4AC9-8A99-BC13762B75D7}.Release|Any CPU.Build.0 = Release|Any CPU
	EndGlobalSection
	GlobalSection(SolutionProperties) = preSolution
		HideSolutionNode = FALSE
	EndGlobalSection
	GlobalSection(NestedProjects) = preSolution
		{35DE45C4-BD94-412D-97A3-645F8CD60C9F} = {F157A3A0-F86A-497E-90F4-752036911A55}
		{FFB89EA9-82B3-4122-A02A-7E8582CB8A68} = {F157A3A0-F86A-497E-90F4-752036911A55}
		{6A1BC61A-E88C-442D-A19E-13A0F39E160B} = {F157A3A0-F86A-497E-90F4-752036911A55}
		{6B223DE5-9BFA-4AC9-8A99-BC13762B75D7} = {F157A3A0-F86A-497E-90F4-752036911A55}
	EndGlobalSection
	GlobalSection(ExtensibilityGlobals) = postSolution
		SolutionGuid = {CDD00BE3-10B3-4BCB-8B0B-5DA061653DE2}
	EndGlobalSection
EndGlobal
